
Microsoft Visual Studio Solution File, Format Version 12.00
# Visual Studio Version 17
VisualStudioVersion = 17.1.32228.430
MinimumVisualStudioVersion = 10.0.40219.1
Project("{FAE04EC0-301F-11D3-BF4B-00C04F79EFBC}") = "taskstatic", "taskstatic\taskstatic.csproj", "{6B4D9E2E-6AB3-4ADF-97FB-E761378F947A}"
EndProject
Project("{FAE04EC0-301F-11D3-BF4B-00C04F79EFBC}") = "Domain", "Domain\Domain.csproj", "{B3AD1539-2662-4D55-8B3F-BC315C93BF1C}"
EndProject
Project("{FAE04EC0-301F-11D3-BF4B-00C04F79EFBC}") = "Service", "Static\Service.csproj", "{34CE91CD-4B6C-47FB-8554-DBA90A327C18}"
EndProject
Global
	GlobalSection(SolutionConfigurationPlatforms) = preSolution
		Debug|Any CPU = Debug|Any CPU
		Release|Any CPU = Release|Any CPU
	EndGlobalSection
	GlobalSection(ProjectConfigurationPlatforms) = postSolution
		{6B4D9E2E-6AB3-4ADF-97FB-E761378F947A}.Debug|Any CPU.ActiveCfg = Debug|Any CPU
		{6B4D9E2E-6AB3-4ADF-97FB-E761378F947A}.Debug|Any CPU.Build.0 = Debug|Any CPU
		{6B4D9E2E-6AB3-4ADF-97FB-E761378F947A}.Release|Any CPU.ActiveCfg = Release|Any CPU
		{6B4D9E2E-6AB3-4ADF-97FB-E761378F947A}.Release|Any CPU.Build.0 = Release|Any CPU
		{B3AD1539-2662-4D55-8B3F-BC315C93BF1C}.Debug|Any CPU.ActiveCfg = Debug|Any CPU
		{B3AD1539-2662-4D55-8B3F-BC315C93BF1C}.Debug|Any CPU.Build.0 = Debug|Any CPU
		{B3AD1539-2662-4D55-8B3F-BC315C93BF1C}.Release|Any CPU.ActiveCfg = Release|Any CPU
		{B3AD1539-2662-4D55-8B3F-BC315C93BF1C}.Release|Any CPU.Build.0 = Release|Any CPU
		{34CE91CD-4B6C-47FB-8554-DBA90A327C18}.Debug|Any CPU.ActiveCfg = Debug|Any CPU
		{34CE91CD-4B6C-47FB-8554-DBA90A327C18}.Debug|Any CPU.Build.0 = Debug|Any CPU
		{34CE91CD-4B6C-47FB-8554-DBA90A327C18}.Release|Any CPU.ActiveCfg = Release|Any CPU
		{34CE91CD-4B6C-47FB-8554-DBA90A327C18}.Release|Any CPU.Build.0 = Release|Any CPU
	EndGlobalSection
	GlobalSection(SolutionProperties) = preSolution
		HideSolutionNode = FALSE
	EndGlobalSection
	GlobalSection(ExtensibilityGlobals) = postSolution
		SolutionGuid = {C11EEBBB-C42F-4571-A414-1AAAD987EE96}
	EndGlobalSection
EndGlobal
